
Microsoft Visual Studio Solution File, Format Version 12.00
# Visual Studio Version 17
VisualStudioVersion = 17.7.34031.279
MinimumVisualStudioVersion = 10.0.40219.1
Project("{FAE04EC0-301F-11D3-BF4B-00C04F79EFBC}") = "Web_API.Server", "Server\Web_API.Server.csproj", "{D3CBA81B-3AAB-490D-AE04-640440688A0F}"
EndProject
Project("{FAE04EC0-301F-11D3-BF4B-00C04F79EFBC}") = "Web_API.Client", "Client\Web_API.Client.csproj", "{1F81DCEC-B3A5-4F5A-A8E4-33CB60F45E83}"
EndProject
Project("{FAE04EC0-301F-11D3-BF4B-00C04F79EFBC}") = "Web_API.Shared", "Shared\Web_API.Shared.csproj", "{8DBF2938-DF9B-42D5-8358-B1CCEB707C8D}"
EndProject
Global
	GlobalSection(SolutionConfigurationPlatforms) = preSolution
		Debug|Any CPU = Debug|Any CPU
		Release|Any CPU = Release|Any CPU
	EndGlobalSection
	GlobalSection(ProjectConfigurationPlatforms) = postSolution
		{D3CBA81B-3AAB-490D-AE04-640440688A0F}.Debug|Any CPU.ActiveCfg = Debug|Any CPU
		{D3CBA81B-3AAB-490D-AE04-640440688A0F}.Debug|Any CPU.Build.0 = Debug|Any CPU
		{D3CBA81B-3AAB-490D-AE04-640440688A0F}.Release|Any CPU.ActiveCfg = Release|Any CPU
		{D3CBA81B-3AAB-490D-AE04-640440688A0F}.Release|Any CPU.Build.0 = Release|Any CPU
		{1F81DCEC-B3A5-4F5A-A8E4-33CB60F45E83}.Debug|Any CPU.ActiveCfg = Debug|Any CPU
		{1F81DCEC-B3A5-4F5A-A8E4-33CB60F45E83}.Debug|Any CPU.Build.0 = Debug|Any CPU
		{1F81DCEC-B3A5-4F5A-A8E4-33CB60F45E83}.Release|Any CPU.ActiveCfg = Release|Any CPU
		{1F81DCEC-B3A5-4F5A-A8E4-33CB60F45E83}.Release|Any CPU.Build.0 = Release|Any CPU
		{8DBF2938-DF9B-42D5-8358-B1CCEB707C8D}.Debug|Any CPU.ActiveCfg = Debug|Any CPU
		{8DBF2938-DF9B-42D5-8358-B1CCEB707C8D}.Debug|Any CPU.Build.0 = Debug|Any CPU
		{8DBF2938-DF9B-42D5-8358-B1CCEB707C8D}.Release|Any CPU.ActiveCfg = Release|Any CPU
		{8DBF2938-DF9B-42D5-8358-B1CCEB707C8D}.Release|Any CPU.Build.0 = Release|Any CPU
	EndGlobalSection
	GlobalSection(SolutionProperties) = preSolution
		HideSolutionNode = FALSE
	EndGlobalSection
	GlobalSection(ExtensibilityGlobals) = postSolution
		SolutionGuid = {190CEBF5-6532-4AA2-B029-4DE5DED72992}
	EndGlobalSection
EndGlobal
